
Microsoft Visual Studio Solution File, Format Version 12.00
# Visual Studio Version 17
VisualStudioVersion = 17.14.37628.2 d17.14
MinimumVisualStudioVersion = 10.0.40219.1
Project("{FAE04EC0-301F-11D3-BF4B-00C04F79EFBC}") = "BaiTap1", "BaiTap1\BaiTap1.csproj", "{B07BE236-66CE-4122-A67B-3CE4F6516A22}"
EndProject
Global
	GlobalSection(SolutionConfigurationPlatforms) = preSolution
		Debug|Any CPU = Debug|Any CPU
		Release|Any CPU = Release|Any CPU
	EndGlobalSection
	GlobalSection(ProjectConfigurationPlatforms) = postSolution
		{B07BE236-66CE-4122-A67B-3CE4F6516A22}.Debug|Any CPU.ActiveCfg = Debug|Any CPU
		{B07BE236-66CE-4122-A67B-3CE4F6516A22}.Debug|Any CPU.Build.0 = Debug|Any CPU
		{B07BE236-66CE-4122-A67B-3CE4F6516A22}.Release|Any CPU.ActiveCfg = Release|Any CPU
		{B07BE236-66CE-4122-A67B-3CE4F6516A22}.Release|Any CPU.Build.0 = Release|Any CPU
	EndGlobalSection
	GlobalSection(SolutionProperties) = preSolution
		HideSolutionNode = FALSE
	EndGlobalSection
	GlobalSection(ExtensibilityGlobals) = postSolution
		SolutionGuid = {0EE34999-CC46-40C7-9F3F-C5E467390B84}
	EndGlobalSection
EndGlobal
